
Microsoft Visual Studio Solution File, Format Version 12.00
# Visual Studio Version 17
VisualStudioVersion = 17.2.32210.308
MinimumVisualStudioVersion = 10.0.40219.1
Project("{FAE04EC0-301F-11D3-BF4B-00C04F79EFBC}") = "Synchronization", "Synchronization.csproj", "{752CCEBD-6884-4AD1-BE71-C240143F01F5}"
EndProject
Global
	GlobalSection(SolutionConfigurationPlatforms) = preSolution
		Debug|Any CPU = Debug|Any CPU
		Release|Any CPU = Release|Any CPU
	EndGlobalSection
	GlobalSection(ProjectConfigurationPlatforms) = postSolution
		{752CCEBD-6884-4AD1-BE71-C240143F01F5}.Debug|Any CPU.ActiveCfg = Debug|Any CPU
		{752CCEBD-6884-4AD1-BE71-C240143F01F5}.Debug|Any CPU.Build.0 = Debug|Any CPU
		{752CCEBD-6884-4AD1-BE71-C240143F01F5}.Release|Any CPU.ActiveCfg = Release|Any CPU
		{752CCEBD-6884-4AD1-BE71-C240143F01F5}.Release|Any CPU.Build.0 = Release|Any CPU
	EndGlobalSection
	GlobalSection(SolutionProperties) = preSolution
		HideSolutionNode = FALSE
	EndGlobalSection
	GlobalSection(ExtensibilityGlobals) = postSolution
		SolutionGuid = {3BF1A0CD-F692-46E6-AD4C-C72AC2E989D6}
	EndGlobalSection
EndGlobal
