
Microsoft Visual Studio Solution File, Format Version 12.00
# Visual Studio Version 17
VisualStudioVersion = 17.2.32210.308
MinimumVisualStudioVersion = 10.0.40219.1
Project("{FAE04EC0-301F-11D3-BF4B-00C04F79EFBC}") = "LinkingBlocks", "LinkingBlocks.csproj", "{5BCB5B8A-9EBE-4FC0-BC7B-1023D9E256AB}"
EndProject
Global
	GlobalSection(SolutionConfigurationPlatforms) = preSolution
		Debug|Any CPU = Debug|Any CPU
		Release|Any CPU = Release|Any CPU
	EndGlobalSection
	GlobalSection(ProjectConfigurationPlatforms) = postSolution
		{5BCB5B8A-9EBE-4FC0-BC7B-1023D9E256AB}.Debug|Any CPU.ActiveCfg = Debug|Any CPU
		{5BCB5B8A-9EBE-4FC0-BC7B-1023D9E256AB}.Debug|Any CPU.Build.0 = Debug|Any CPU
		{5BCB5B8A-9EBE-4FC0-BC7B-1023D9E256AB}.Release|Any CPU.ActiveCfg = Release|Any CPU
		{5BCB5B8A-9EBE-4FC0-BC7B-1023D9E256AB}.Release|Any CPU.Build.0 = Release|Any CPU
	EndGlobalSection
	GlobalSection(SolutionProperties) = preSolution
		HideSolutionNode = FALSE
	EndGlobalSection
	GlobalSection(ExtensibilityGlobals) = postSolution
		SolutionGuid = {B6D2EA05-8C91-48F7-98B6-D53F4998DB49}
	EndGlobalSection
EndGlobal
