
Microsoft Visual Studio Solution File, Format Version 12.00
# Visual Studio Version 17
VisualStudioVersion = 17.2.32210.308
MinimumVisualStudioVersion = 10.0.40219.1
Project("{FAE04EC0-301F-11D3-BF4B-00C04F79EFBC}") = "AsyncScenario", "AsyncScenario.csproj", "{015180E1-8CCB-4977-AB48-A7E74527E508}"
EndProject
Global
	GlobalSection(SolutionConfigurationPlatforms) = preSolution
		Debug|Any CPU = Debug|Any CPU
		Release|Any CPU = Release|Any CPU
	EndGlobalSection
	GlobalSection(ProjectConfigurationPlatforms) = postSolution
		{015180E1-8CCB-4977-AB48-A7E74527E508}.Debug|Any CPU.ActiveCfg = Debug|Any CPU
		{015180E1-8CCB-4977-AB48-A7E74527E508}.Debug|Any CPU.Build.0 = Debug|Any CPU
		{015180E1-8CCB-4977-AB48-A7E74527E508}.Release|Any CPU.ActiveCfg = Release|Any CPU
		{015180E1-8CCB-4977-AB48-A7E74527E508}.Release|Any CPU.Build.0 = Release|Any CPU
	EndGlobalSection
	GlobalSection(SolutionProperties) = preSolution
		HideSolutionNode = FALSE
	EndGlobalSection
	GlobalSection(ExtensibilityGlobals) = postSolution
		SolutionGuid = {9245B3BB-4E8A-4041-972F-665461D3F4A7}
	EndGlobalSection
EndGlobal
