
Microsoft Visual Studio Solution File, Format Version 12.00
# Visual Studio Version 17
VisualStudioVersion = 17.2.32210.308
MinimumVisualStudioVersion = 10.0.40219.1
Project("{FAE04EC0-301F-11D3-BF4B-00C04F79EFBC}") = "ImmutableSets", "ImmutableSets.csproj", "{58CCC89F-352A-4029-AB03-71498EDB0A6D}"
EndProject
Global
	GlobalSection(SolutionConfigurationPlatforms) = preSolution
		Debug|Any CPU = Debug|Any CPU
		Release|Any CPU = Release|Any CPU
	EndGlobalSection
	GlobalSection(ProjectConfigurationPlatforms) = postSolution
		{58CCC89F-352A-4029-AB03-71498EDB0A6D}.Debug|Any CPU.ActiveCfg = Debug|Any CPU
		{58CCC89F-352A-4029-AB03-71498EDB0A6D}.Debug|Any CPU.Build.0 = Debug|Any CPU
		{58CCC89F-352A-4029-AB03-71498EDB0A6D}.Release|Any CPU.ActiveCfg = Release|Any CPU
		{58CCC89F-352A-4029-AB03-71498EDB0A6D}.Release|Any CPU.Build.0 = Release|Any CPU
	EndGlobalSection
	GlobalSection(SolutionProperties) = preSolution
		HideSolutionNode = FALSE
	EndGlobalSection
	GlobalSection(ExtensibilityGlobals) = postSolution
		SolutionGuid = {7CD25047-7A6E-4200-9B8E-3A1C1FA06586}
	EndGlobalSection
EndGlobal
