
Microsoft Visual Studio Solution File, Format Version 12.00
# Visual Studio Version 17
VisualStudioVersion = 17.2.32210.308
MinimumVisualStudioVersion = 10.0.40219.1
Project("{FAE04EC0-301F-11D3-BF4B-00C04F79EFBC}") = "DeleteRelations", "DeleteRelations.csproj", "{45BB36B3-623A-459D-A435-9A9CC2DCF366}"
EndProject
Global
	GlobalSection(SolutionConfigurationPlatforms) = preSolution
		Debug|Any CPU = Debug|Any CPU
		Release|Any CPU = Release|Any CPU
	EndGlobalSection
	GlobalSection(ProjectConfigurationPlatforms) = postSolution
		{45BB36B3-623A-459D-A435-9A9CC2DCF366}.Debug|Any CPU.ActiveCfg = Debug|Any CPU
		{45BB36B3-623A-459D-A435-9A9CC2DCF366}.Debug|Any CPU.Build.0 = Debug|Any CPU
		{45BB36B3-623A-459D-A435-9A9CC2DCF366}.Release|Any CPU.ActiveCfg = Release|Any CPU
		{45BB36B3-623A-459D-A435-9A9CC2DCF366}.Release|Any CPU.Build.0 = Release|Any CPU
	EndGlobalSection
	GlobalSection(SolutionProperties) = preSolution
		HideSolutionNode = FALSE
	EndGlobalSection
	GlobalSection(ExtensibilityGlobals) = postSolution
		SolutionGuid = {AC7CC68C-159C-4966-BC10-8A5A95887D08}
	EndGlobalSection
EndGlobal
