
Microsoft Visual Studio Solution File, Format Version 12.00
# Visual Studio Version 17
VisualStudioVersion = 17.2.32210.308
MinimumVisualStudioVersion = 10.0.40219.1
Project("{FAE04EC0-301F-11D3-BF4B-00C04F79EFBC}") = "LINQWithAsync", "LINQWithAsync.csproj", "{C5C0022B-5678-468E-88F4-65F34E9604B1}"
EndProject
Global
	GlobalSection(SolutionConfigurationPlatforms) = preSolution
		Debug|Any CPU = Debug|Any CPU
		Release|Any CPU = Release|Any CPU
	EndGlobalSection
	GlobalSection(ProjectConfigurationPlatforms) = postSolution
		{C5C0022B-5678-468E-88F4-65F34E9604B1}.Debug|Any CPU.ActiveCfg = Debug|Any CPU
		{C5C0022B-5678-468E-88F4-65F34E9604B1}.Debug|Any CPU.Build.0 = Debug|Any CPU
		{C5C0022B-5678-468E-88F4-65F34E9604B1}.Release|Any CPU.ActiveCfg = Release|Any CPU
		{C5C0022B-5678-468E-88F4-65F34E9604B1}.Release|Any CPU.Build.0 = Release|Any CPU
	EndGlobalSection
	GlobalSection(SolutionProperties) = preSolution
		HideSolutionNode = FALSE
	EndGlobalSection
	GlobalSection(ExtensibilityGlobals) = postSolution
		SolutionGuid = {7922E9FA-CD9F-4F34-90B7-96EEAB660391}
	EndGlobalSection
EndGlobal
