
Microsoft Visual Studio Solution File, Format Version 12.00
# Visual Studio Version 17
VisualStudioVersion = 17.2.32210.308
MinimumVisualStudioVersion = 10.0.40219.1
Project("{FAE04EC0-301F-11D3-BF4B-00C04F79EFBC}") = "AsyncFlow", "AsyncFlow.csproj", "{DC3C5AE5-D289-4D2B-BF71-C3C0928FEE38}"
EndProject
Global
	GlobalSection(SolutionConfigurationPlatforms) = preSolution
		Debug|Any CPU = Debug|Any CPU
		Release|Any CPU = Release|Any CPU
	EndGlobalSection
	GlobalSection(ProjectConfigurationPlatforms) = postSolution
		{DC3C5AE5-D289-4D2B-BF71-C3C0928FEE38}.Debug|Any CPU.ActiveCfg = Debug|Any CPU
		{DC3C5AE5-D289-4D2B-BF71-C3C0928FEE38}.Debug|Any CPU.Build.0 = Debug|Any CPU
		{DC3C5AE5-D289-4D2B-BF71-C3C0928FEE38}.Release|Any CPU.ActiveCfg = Release|Any CPU
		{DC3C5AE5-D289-4D2B-BF71-C3C0928FEE38}.Release|Any CPU.Build.0 = Release|Any CPU
	EndGlobalSection
	GlobalSection(SolutionProperties) = preSolution
		HideSolutionNode = FALSE
	EndGlobalSection
	GlobalSection(ExtensibilityGlobals) = postSolution
		SolutionGuid = {091B4388-7655-4F39-A6C4-76B9F70D7160}
	EndGlobalSection
EndGlobal
