
Microsoft Visual Studio Solution File, Format Version 12.00
# Visual Studio Version 17
VisualStudioVersion = 17.2.32210.308
MinimumVisualStudioVersion = 10.0.40219.1
Project("{FAE04EC0-301F-11D3-BF4B-00C04F79EFBC}") = "InfoAboutTaskExecution", "InfoAboutTaskExecution.csproj", "{C7DEDB21-198C-4177-80B6-CD122163AFAB}"
EndProject
Global
	GlobalSection(SolutionConfigurationPlatforms) = preSolution
		Debug|Any CPU = Debug|Any CPU
		Release|Any CPU = Release|Any CPU
	EndGlobalSection
	GlobalSection(ProjectConfigurationPlatforms) = postSolution
		{C7DEDB21-198C-4177-80B6-CD122163AFAB}.Debug|Any CPU.ActiveCfg = Debug|Any CPU
		{C7DEDB21-198C-4177-80B6-CD122163AFAB}.Debug|Any CPU.Build.0 = Debug|Any CPU
		{C7DEDB21-198C-4177-80B6-CD122163AFAB}.Release|Any CPU.ActiveCfg = Release|Any CPU
		{C7DEDB21-198C-4177-80B6-CD122163AFAB}.Release|Any CPU.Build.0 = Release|Any CPU
	EndGlobalSection
	GlobalSection(SolutionProperties) = preSolution
		HideSolutionNode = FALSE
	EndGlobalSection
	GlobalSection(ExtensibilityGlobals) = postSolution
		SolutionGuid = {23606F00-BE32-4460-9F48-A5677D152A9B}
	EndGlobalSection
EndGlobal
