
Microsoft Visual Studio Solution File, Format Version 12.00
# Visual Studio Version 17
VisualStudioVersion = 17.2.32210.308
MinimumVisualStudioVersion = 10.0.40219.1
Project("{FAE04EC0-301F-11D3-BF4B-00C04F79EFBC}") = "ImmutableLists", "ImmutableLists.csproj", "{8D252D63-C64A-4C76-BE1E-D63AFAF785F2}"
EndProject
Global
	GlobalSection(SolutionConfigurationPlatforms) = preSolution
		Debug|Any CPU = Debug|Any CPU
		Release|Any CPU = Release|Any CPU
	EndGlobalSection
	GlobalSection(ProjectConfigurationPlatforms) = postSolution
		{8D252D63-C64A-4C76-BE1E-D63AFAF785F2}.Debug|Any CPU.ActiveCfg = Debug|Any CPU
		{8D252D63-C64A-4C76-BE1E-D63AFAF785F2}.Debug|Any CPU.Build.0 = Debug|Any CPU
		{8D252D63-C64A-4C76-BE1E-D63AFAF785F2}.Release|Any CPU.ActiveCfg = Release|Any CPU
		{8D252D63-C64A-4C76-BE1E-D63AFAF785F2}.Release|Any CPU.Build.0 = Release|Any CPU
	EndGlobalSection
	GlobalSection(SolutionProperties) = preSolution
		HideSolutionNode = FALSE
	EndGlobalSection
	GlobalSection(ExtensibilityGlobals) = postSolution
		SolutionGuid = {51917431-1934-4E47-9B0C-6D099C040795}
	EndGlobalSection
EndGlobal
