
Microsoft Visual Studio Solution File, Format Version 12.00
# Visual Studio Version 17
VisualStudioVersion = 17.2.32210.308
MinimumVisualStudioVersion = 10.0.40219.1
Project("{FAE04EC0-301F-11D3-BF4B-00C04F79EFBC}") = "StopTask", "StopTask.csproj", "{8CDA225A-CBDA-47AF-818B-3891B653A8DF}"
EndProject
Global
	GlobalSection(SolutionConfigurationPlatforms) = preSolution
		Debug|Any CPU = Debug|Any CPU
		Release|Any CPU = Release|Any CPU
	EndGlobalSection
	GlobalSection(ProjectConfigurationPlatforms) = postSolution
		{8CDA225A-CBDA-47AF-818B-3891B653A8DF}.Debug|Any CPU.ActiveCfg = Debug|Any CPU
		{8CDA225A-CBDA-47AF-818B-3891B653A8DF}.Debug|Any CPU.Build.0 = Debug|Any CPU
		{8CDA225A-CBDA-47AF-818B-3891B653A8DF}.Release|Any CPU.ActiveCfg = Release|Any CPU
		{8CDA225A-CBDA-47AF-818B-3891B653A8DF}.Release|Any CPU.Build.0 = Release|Any CPU
	EndGlobalSection
	GlobalSection(SolutionProperties) = preSolution
		HideSolutionNode = FALSE
	EndGlobalSection
	GlobalSection(ExtensibilityGlobals) = postSolution
		SolutionGuid = {F2858267-725D-4773-94EA-8A12CB77FD0E}
	EndGlobalSection
EndGlobal
