
Microsoft Visual Studio Solution File, Format Version 12.00
# Visual Studio Version 17
VisualStudioVersion = 17.2.32210.308
MinimumVisualStudioVersion = 10.0.40219.1
Project("{FAE04EC0-301F-11D3-BF4B-00C04F79EFBC}") = "GetCompletedTask", "GetCompletedTask.csproj", "{FB36D948-45B4-4802-B297-F274C04D23EB}"
EndProject
Global
	GlobalSection(SolutionConfigurationPlatforms) = preSolution
		Debug|Any CPU = Debug|Any CPU
		Release|Any CPU = Release|Any CPU
	EndGlobalSection
	GlobalSection(ProjectConfigurationPlatforms) = postSolution
		{FB36D948-45B4-4802-B297-F274C04D23EB}.Debug|Any CPU.ActiveCfg = Debug|Any CPU
		{FB36D948-45B4-4802-B297-F274C04D23EB}.Debug|Any CPU.Build.0 = Debug|Any CPU
		{FB36D948-45B4-4802-B297-F274C04D23EB}.Release|Any CPU.ActiveCfg = Release|Any CPU
		{FB36D948-45B4-4802-B297-F274C04D23EB}.Release|Any CPU.Build.0 = Release|Any CPU
	EndGlobalSection
	GlobalSection(SolutionProperties) = preSolution
		HideSolutionNode = FALSE
	EndGlobalSection
	GlobalSection(ExtensibilityGlobals) = postSolution
		SolutionGuid = {39C5BD2C-48F3-4CE6-8DEE-74BD240F0CFC}
	EndGlobalSection
EndGlobal
