
Microsoft Visual Studio Solution File, Format Version 12.00
# Visual Studio Version 17
VisualStudioVersion = 17.2.32210.308
MinimumVisualStudioVersion = 10.0.40219.1
Project("{FAE04EC0-301F-11D3-BF4B-00C04F79EFBC}") = "AsyncProperties", "AsyncProperties.csproj", "{1F1A33D2-4CD5-4730-8040-15EB2FF10C30}"
EndProject
Global
	GlobalSection(SolutionConfigurationPlatforms) = preSolution
		Debug|Any CPU = Debug|Any CPU
		Release|Any CPU = Release|Any CPU
	EndGlobalSection
	GlobalSection(ProjectConfigurationPlatforms) = postSolution
		{1F1A33D2-4CD5-4730-8040-15EB2FF10C30}.Debug|Any CPU.ActiveCfg = Debug|Any CPU
		{1F1A33D2-4CD5-4730-8040-15EB2FF10C30}.Debug|Any CPU.Build.0 = Debug|Any CPU
		{1F1A33D2-4CD5-4730-8040-15EB2FF10C30}.Release|Any CPU.ActiveCfg = Release|Any CPU
		{1F1A33D2-4CD5-4730-8040-15EB2FF10C30}.Release|Any CPU.Build.0 = Release|Any CPU
	EndGlobalSection
	GlobalSection(SolutionProperties) = preSolution
		HideSolutionNode = FALSE
	EndGlobalSection
	GlobalSection(ExtensibilityGlobals) = postSolution
		SolutionGuid = {8F73222E-277E-45ED-AE63-2D2B94B24275}
	EndGlobalSection
EndGlobal
