
Microsoft Visual Studio Solution File, Format Version 12.00
# Visual Studio Version 17
VisualStudioVersion = 17.2.32210.308
MinimumVisualStudioVersion = 10.0.40219.1
Project("{FAE04EC0-301F-11D3-BF4B-00C04F79EFBC}") = "ImmutableDictionaries", "ImmutableDictionaries.csproj", "{66D2E802-5C91-48EE-A03A-5E6225CB8A8A}"
EndProject
Global
	GlobalSection(SolutionConfigurationPlatforms) = preSolution
		Debug|Any CPU = Debug|Any CPU
		Release|Any CPU = Release|Any CPU
	EndGlobalSection
	GlobalSection(ProjectConfigurationPlatforms) = postSolution
		{66D2E802-5C91-48EE-A03A-5E6225CB8A8A}.Debug|Any CPU.ActiveCfg = Debug|Any CPU
		{66D2E802-5C91-48EE-A03A-5E6225CB8A8A}.Debug|Any CPU.Build.0 = Debug|Any CPU
		{66D2E802-5C91-48EE-A03A-5E6225CB8A8A}.Release|Any CPU.ActiveCfg = Release|Any CPU
		{66D2E802-5C91-48EE-A03A-5E6225CB8A8A}.Release|Any CPU.Build.0 = Release|Any CPU
	EndGlobalSection
	GlobalSection(SolutionProperties) = preSolution
		HideSolutionNode = FALSE
	EndGlobalSection
	GlobalSection(ExtensibilityGlobals) = postSolution
		SolutionGuid = {4919552C-4423-4E3C-8902-B73736D7DF95}
	EndGlobalSection
EndGlobal
